// !$*UTF8*$!
{
	archiveVersion = 1;
	classes = {
	};
	objectVersion = 51;
	objects = {

/* Begin PBXBuildFile section */
		22DBCAA36D4F5CBD8446A7B8 /* Pods_MovieInfoTest.framework in Frameworks */ = {isa = PBXBuildFile; fileRef = 1929E9B708010274CFD1036B /* Pods_MovieInfoTest.framework */; };
		ED8C160D26D0C1A00092572F /* ApiUtils.swift in Sources */ = {isa = PBXBuildFile; fileRef = ED8C160C26D0C1A00092572F /* ApiUtils.swift */; };
		ED8C161026D0C24D0092572F /* CommonUtils.swift in Sources */ = {isa = PBXBuildFile; fileRef = ED8C160F26D0C24D0092572F /* CommonUtils.swift */; };
		ED8C161226D0C65E0092572F /* Constants.swift in Sources */ = {isa = PBXBuildFile; fileRef = ED8C161126D0C65E0092572F /* Constants.swift */; };
		ED8C161726D0CB630092572F /* MovieListRequest.swift in Sources */ = {isa = PBXBuildFile; fileRef = ED8C161626D0CB630092572F /* MovieListRequest.swift */; };
		ED8C161926D0CB6D0092572F /* MovieDetailRequest.swift in Sources */ = {isa = PBXBuildFile; fileRef = ED8C161826D0CB6D0092572F /* MovieDetailRequest.swift */; };
		ED8C161B26D0D0640092572F /* MovieListSummaryInfo.swift in Sources */ = {isa = PBXBuildFile; fileRef = ED8C161A26D0D0640092572F /* MovieListSummaryInfo.swift */; };
		ED8C161D26D0D06E0092572F /* MovieDetailInfo.swift in Sources */ = {isa = PBXBuildFile; fileRef = ED8C161C26D0D06E0092572F /* MovieDetailInfo.swift */; };
		EDC76E9626D0BAC800396AEE /* AppDelegate.swift in Sources */ = {isa = PBXBuildFile; fileRef = EDC76E9526D0BAC800396AEE /* AppDelegate.swift */; };
		EDC76E9826D0BAC800396AEE /* SceneDelegate.swift in Sources */ = {isa = PBXBuildFile; fileRef = EDC76E9726D0BAC800396AEE /* SceneDelegate.swift */; };
		EDC76E9A26D0BAC800396AEE /* ViewController.swift in Sources */ = {isa = PBXBuildFile; fileRef = EDC76E9926D0BAC800396AEE /* ViewController.swift */; };
		EDC76E9D26D0BAC800396AEE /* Main.storyboard in Resources */ = {isa = PBXBuildFile; fileRef = EDC76E9B26D0BAC800396AEE /* Main.storyboard */; };
		EDC76E9F26D0BACD00396AEE /* Assets.xcassets in Resources */ = {isa = PBXBuildFile; fileRef = EDC76E9E26D0BACD00396AEE /* Assets.xcassets */; };
		EDC76EA226D0BACD00396AEE /* LaunchScreen.storyboard in Resources */ = {isa = PBXBuildFile; fileRef = EDC76EA026D0BACD00396AEE /* LaunchScreen.storyboard */; };
		EDC76EAB26D0BDB000396AEE /* MovieInfoApi.swift in Sources */ = {isa = PBXBuildFile; fileRef = EDC76EAA26D0BDB000396AEE /* MovieInfoApi.swift */; };
/* End PBXBuildFile section */

/* Begin PBXFileReference section */
		1929E9B708010274CFD1036B /* Pods_MovieInfoTest.framework */ = {isa = PBXFileReference; explicitFileType = wrapper.framework; includeInIndex = 0; path = Pods_MovieInfoTest.framework; sourceTree = BUILT_PRODUCTS_DIR; };
		8F8006ED79B9D44CB71EC3D8 /* Pods-MovieInfoTest.debug.xcconfig */ = {isa = PBXFileReference; includeInIndex = 1; lastKnownFileType = text.xcconfig; name = "Pods-MovieInfoTest.debug.xcconfig"; path = "Target Support Files/Pods-MovieInfoTest/Pods-MovieInfoTest.debug.xcconfig"; sourceTree = "<group>"; };
		D2228D9C6BB25F0DA4B17202 /* Pods-MovieInfoTest.release.xcconfig */ = {isa = PBXFileReference; includeInIndex = 1; lastKnownFileType = text.xcconfig; name = "Pods-MovieInfoTest.release.xcconfig"; path = "Target Support Files/Pods-MovieInfoTest/Pods-MovieInfoTest.release.xcconfig"; sourceTree = "<group>"; };
		ED8C160C26D0C1A00092572F /* ApiUtils.swift */ = {isa = PBXFileReference; fileEncoding = 4; lastKnownFileType = sourcecode.swift; path = ApiUtils.swift; sourceTree = "<group>"; };
		ED8C160F26D0C24D0092572F /* CommonUtils.swift */ = {isa = PBXFileReference; fileEncoding = 4; lastKnownFileType = sourcecode.swift; path = CommonUtils.swift; sourceTree = "<group>"; };
		ED8C161126D0C65E0092572F /* Constants.swift */ = {isa = PBXFileReference; lastKnownFileType = sourcecode.swift; path = Constants.swift; sourceTree = "<group>"; };
		ED8C161626D0CB630092572F /* MovieListRequest.swift */ = {isa = PBXFileReference; lastKnownFileType = sourcecode.swift; path = MovieListRequest.swift; sourceTree = "<group>"; };
		ED8C161826D0CB6D0092572F /* MovieDetailRequest.swift */ = {isa = PBXFileReference; lastKnownFileType = sourcecode.swift; path = MovieDetailRequest.swift; sourceTree = "<group>"; };
		ED8C161A26D0D0640092572F /* MovieListSummaryInfo.swift */ = {isa = PBXFileReference; lastKnownFileType = sourcecode.swift; path = MovieListSummaryInfo.swift; sourceTree = "<group>"; };
		ED8C161C26D0D06E0092572F /* MovieDetailInfo.swift */ = {isa = PBXFileReference; lastKnownFileType = sourcecode.swift; path = MovieDetailInfo.swift; sourceTree = "<group>"; };
		EDC76E9226D0BAC800396AEE /* MovieInfoTest.app */ = {isa = PBXFileReference; explicitFileType = wrapper.application; includeInIndex = 0; path = MovieInfoTest.app; sourceTree = BUILT_PRODUCTS_DIR; };
		EDC76E9526D0BAC800396AEE /* AppDelegate.swift */ = {isa = PBXFileReference; lastKnownFileType = sourcecode.swift; path = AppDelegate.swift; sourceTree = "<group>"; };
		EDC76E9726D0BAC800396AEE /* SceneDelegate.swift */ = {isa = PBXFileReference; lastKnownFileType = sourcecode.swift; path = SceneDelegate.swift; sourceTree = "<group>"; };
		EDC76E9926D0BAC800396AEE /* ViewController.swift */ = {isa = PBXFileReference; lastKnownFileType = sourcecode.swift; path = ViewController.swift; sourceTree = "<group>"; };
		EDC76E9C26D0BAC800396AEE /* Base */ = {isa = PBXFileReference; lastKnownFileType = file.storyboard; name = Base; path = Base.lproj/Main.storyboard; sourceTree = "<group>"; };
		EDC76E9E26D0BACD00396AEE /* Assets.xcassets */ = {isa = PBXFileReference; lastKnownFileType = folder.assetcatalog; path = Assets.xcassets; sourceTree = "<group>"; };
		EDC76EA126D0BACD00396AEE /* Base */ = {isa = PBXFileReference; lastKnownFileType = file.storyboard; name = Base; path = Base.lproj/LaunchScreen.storyboard; sourceTree = "<group>"; };
		EDC76EA326D0BACD00396AEE /* Info.plist */ = {isa = PBXFileReference; lastKnownFileType = text.plist.xml; path = Info.plist; sourceTree = "<group>"; };
		EDC76EAA26D0BDB000396AEE /* MovieInfoApi.swift */ = {isa = PBXFileReference; lastKnownFileType = sourcecode.swift; path = MovieInfoApi.swift; sourceTree = "<group>"; };
/* End PBXFileReference section */

/* Begin PBXFrameworksBuildPhase section */
		EDC76E8F26D0BAC800396AEE /* Frameworks */ = {
			isa = PBXFrameworksBuildPhase;
			buildActionMask = 2147483647;
			files = (
				22DBCAA36D4F5CBD8446A7B8 /* Pods_MovieInfoTest.framework in Frameworks */,
			);
			runOnlyForDeploymentPostprocessing = 0;
		};
/* End PBXFrameworksBuildPhase section */

/* Begin PBXGroup section */
		1EA8A6655AD735A9DB4B4953 /* Pods */ = {
			isa = PBXGroup;
			children = (
				8F8006ED79B9D44CB71EC3D8 /* Pods-MovieInfoTest.debug.xcconfig */,
				D2228D9C6BB25F0DA4B17202 /* Pods-MovieInfoTest.release.xcconfig */,
			);
			path = Pods;
			sourceTree = "<group>";
		};
		DDE56FE9EAA65FC1AE60C9C1 /* Frameworks */ = {
			isa = PBXGroup;
			children = (
				1929E9B708010274CFD1036B /* Pods_MovieInfoTest.framework */,
			);
			name = Frameworks;
			sourceTree = "<group>";
		};
		ED8C160E26D0C2260092572F /* utils */ = {
			isa = PBXGroup;
			children = (
				ED8C160C26D0C1A00092572F /* ApiUtils.swift */,
				ED8C160F26D0C24D0092572F /* CommonUtils.swift */,
				ED8C161126D0C65E0092572F /* Constants.swift */,
			);
			path = utils;
			sourceTree = "<group>";
		};
		ED8C161326D0CAAF0092572F /* model */ = {
			isa = PBXGroup;
			children = (
				ED8C161A26D0D0640092572F /* MovieListSummaryInfo.swift */,
				ED8C161C26D0D06E0092572F /* MovieDetailInfo.swift */,
			);
			path = model;
			sourceTree = "<group>";
		};
		ED8C161426D0CABF0092572F /* request */ = {
			isa = PBXGroup;
			children = (
				ED8C161626D0CB630092572F /* MovieListRequest.swift */,
				ED8C161826D0CB6D0092572F /* MovieDetailRequest.swift */,
			);
			path = request;
			sourceTree = "<group>";
		};
		EDC76E8926D0BAC800396AEE = {
			isa = PBXGroup;
			children = (
				EDC76E9426D0BAC800396AEE /* MovieInfoTest */,
				EDC76E9326D0BAC800396AEE /* Products */,
				1EA8A6655AD735A9DB4B4953 /* Pods */,
				DDE56FE9EAA65FC1AE60C9C1 /* Frameworks */,
			);
			sourceTree = "<group>";
		};
		EDC76E9326D0BAC800396AEE /* Products */ = {
			isa = PBXGroup;
			children = (
				EDC76E9226D0BAC800396AEE /* MovieInfoTest.app */,
			);
			name = Products;
			sourceTree = "<group>";
		};
		EDC76E9426D0BAC800396AEE /* MovieInfoTest */ = {
			isa = PBXGroup;
			children = (
				EDC76EA926D0BD9500396AEE /* Api */,
				ED8C161326D0CAAF0092572F /* model */,
				ED8C160E26D0C2260092572F /* utils */,
				EDC76E9526D0BAC800396AEE /* AppDelegate.swift */,
				EDC76E9726D0BAC800396AEE /* SceneDelegate.swift */,
				EDC76E9926D0BAC800396AEE /* ViewController.swift */,
				EDC76E9B26D0BAC800396AEE /* Main.storyboard */,
				EDC76E9E26D0BACD00396AEE /* Assets.xcassets */,
				EDC76EA026D0BACD00396AEE /* LaunchScreen.storyboard */,
				EDC76EA326D0BACD00396AEE /* Info.plist */,
			);
			path = MovieInfoTest;
			sourceTree = "<group>";
		};
		EDC76EA926D0BD9500396AEE /* Api */ = {
			isa = PBXGroup;
			children = (
				ED8C161426D0CABF0092572F /* request */,
				EDC76EAA26D0BDB000396AEE /* MovieInfoApi.swift */,
			);
			path = Api;
			sourceTree = "<group>";
		};
/* End PBXGroup section */

/* Begin PBXNativeTarget section */
		EDC76E9126D0BAC800396AEE /* MovieInfoTest */ = {
			isa = PBXNativeTarget;
			buildConfigurationList = EDC76EA626D0BACD00396AEE /* Build configuration list for PBXNativeTarget "MovieInfoTest" */;
			buildPhases = (
				62359FF2D5D1AC96776E31FA /* [CP] Check Pods Manifest.lock */,
				EDC76E8E26D0BAC800396AEE /* Sources */,
				EDC76E8F26D0BAC800396AEE /* Frameworks */,
				EDC76E9026D0BAC800396AEE /* Resources */,
				32AE817138A69280F71400C7 /* [CP] Embed Pods Frameworks */,
			);
			buildRules = (
			);
			dependencies = (
			);
			name = MovieInfoTest;
			productName = MovieInfoTest;
			productReference = EDC76E9226D0BAC800396AEE /* MovieInfoTest.app */;
			productType = "com.apple.product-type.application";
		};
/* End PBXNativeTarget section */

/* Begin PBXProject section */
		EDC76E8A26D0BAC800396AEE /* Project object */ = {
			isa = PBXProject;
			attributes = {
				LastSwiftUpdateCheck = 1250;
				LastUpgradeCheck = 1250;
				TargetAttributes = {
					EDC76E9126D0BAC800396AEE = {
						CreatedOnToolsVersion = 12.5.1;
					};
				};
			};
			buildConfigurationList = EDC76E8D26D0BAC800396AEE /* Build configuration list for PBXProject "MovieInfoTest" */;
			compatibilityVersion = "Xcode 9.3";
			developmentRegion = en;
			hasScannedForEncodings = 0;
			knownRegions = (
				en,
				Base,
			);
			mainGroup = EDC76E8926D0BAC800396AEE;
			productRefGroup = EDC76E9326D0BAC800396AEE /* Products */;
			projectDirPath = "";
			projectRoot = "";
			targets = (
				EDC76E9126D0BAC800396AEE /* MovieInfoTest */,
			);
		};
/* End PBXProject section */

/* Begin PBXResourcesBuildPhase section */
		EDC76E9026D0BAC800396AEE /* Resources */ = {
			isa = PBXResourcesBuildPhase;
			buildActionMask = 2147483647;
			files = (
				EDC76EA226D0BACD00396AEE /* LaunchScreen.storyboard in Resources */,
				EDC76E9F26D0BACD00396AEE /* Assets.xcassets in Resources */,
				EDC76E9D26D0BAC800396AEE /* Main.storyboard in Resources */,
			);
			runOnlyForDeploymentPostprocessing = 0;
		};
/* End PBXResourcesBuildPhase section */

/* Begin PBXShellScriptBuildPhase section */
		32AE817138A69280F71400C7 /* [CP] Embed Pods Frameworks */ = {
			isa = PBXShellScriptBuildPhase;
			buildActionMask = 2147483647;
			files = (
			);
			inputFileListPaths = (
				"${PODS_ROOT}/Target Support Files/Pods-MovieInfoTest/Pods-MovieInfoTest-frameworks-${CONFIGURATION}-input-files.xcfilelist",
			);
			name = "[CP] Embed Pods Frameworks";
			outputFileListPaths = (
				"${PODS_ROOT}/Target Support Files/Pods-MovieInfoTest/Pods-MovieInfoTest-frameworks-${CONFIGURATION}-output-files.xcfilelist",
			);
			runOnlyForDeploymentPostprocessing = 0;
			shellPath = /bin/sh;
			shellScript = "\"${PODS_ROOT}/Target Support Files/Pods-MovieInfoTest/Pods-MovieInfoTest-frameworks.sh\"\n";
			showEnvVarsInLog = 0;
		};
		62359FF2D5D1AC96776E31FA /* [CP] Check Pods Manifest.lock */ = {
			isa = PBXShellScriptBuildPhase;
			buildActionMask = 2147483647;
			files = (
			);
			inputFileListPaths = (
			);
			inputPaths = (
				"${PODS_PODFILE_DIR_PATH}/Podfile.lock",
				"${PODS_ROOT}/Manifest.lock",
			);
			name = "[CP] Check Pods Manifest.lock";
			outputFileListPaths = (
			);
			outputPaths = (
				"$(DERIVED_FILE_DIR)/Pods-MovieInfoTest-checkManifestLockResult.txt",
			);
			runOnlyForDeploymentPostprocessing = 0;
			shellPath = /bin/sh;
			shellScript = "diff \"${PODS_PODFILE_DIR_PATH}/Podfile.lock\" \"${PODS_ROOT}/Manifest.lock\" > /dev/null\nif [ $? != 0 ] ; then\n    # print error to STDERR\n    echo \"error: The sandbox is not in sync with the Podfile.lock. Run 'pod install' or update your CocoaPods installation.\" >&2\n    exit 1\nfi\n# This output is used by Xcode 'outputs' to avoid re-running this script phase.\necho \"SUCCESS\" > \"${SCRIPT_OUTPUT_FILE_0}\"\n";
			showEnvVarsInLog = 0;
		};
/* End PBXShellScriptBuildPhase section */

/* Begin PBXSourcesBuildPhase section */
		EDC76E8E26D0BAC800396AEE /* Sources */ = {
			isa = PBXSourcesBuildPhase;
			buildActionMask = 2147483647;
			files = (
				EDC76E9A26D0BAC800396AEE /* ViewController.swift in Sources */,
				ED8C160D26D0C1A00092572F /* ApiUtils.swift in Sources */,
				ED8C161B26D0D0640092572F /* MovieListSummaryInfo.swift in Sources */,
				EDC76E9626D0BAC800396AEE /* AppDelegate.swift in Sources */,
				EDC76E9826D0BAC800396AEE /* SceneDelegate.swift in Sources */,
				ED8C161226D0C65E0092572F /* Constants.swift in Sources */,
				ED8C161026D0C24D0092572F /* CommonUtils.swift in Sources */,
				ED8C161D26D0D06E0092572F /* MovieDetailInfo.swift in Sources */,
				ED8C161926D0CB6D0092572F /* MovieDetailRequest.swift in Sources */,
				ED8C161726D0CB630092572F /* MovieListRequest.swift in Sources */,
				EDC76EAB26D0BDB000396AEE /* MovieInfoApi.swift in Sources */,
			);
			runOnlyForDeploymentPostprocessing = 0;
		};
/* End PBXSourcesBuildPhase section */

/* Begin PBXVariantGroup section */
		EDC76E9B26D0BAC800396AEE /* Main.storyboard */ = {
			isa = PBXVariantGroup;
			children = (
				EDC76E9C26D0BAC800396AEE /* Base */,
			);
			name = Main.storyboard;
			sourceTree = "<group>";
		};
		EDC76EA026D0BACD00396AEE /* LaunchScreen.storyboard */ = {
			isa = PBXVariantGroup;
			children = (
				EDC76EA126D0BACD00396AEE /* Base */,
			);
			name = LaunchScreen.storyboard;
			sourceTree = "<group>";
		};
/* End PBXVariantGroup section */

/* Begin XCBuildConfiguration section */
		EDC76EA426D0BACD00396AEE /* Debug */ = {
			isa = XCBuildConfiguration;
			buildSettings = {
				ALWAYS_SEARCH_USER_PATHS = NO;
				CLANG_ANALYZER_NONNULL = YES;
				CLANG_ANALYZER_NUMBER_OBJECT_CONVERSION = YES_AGGRESSIVE;
				CLANG_CXX_LANGUAGE_STANDARD = "gnu++14";
				CLANG_CXX_LIBRARY = "libc++";
				CLANG_ENABLE_MODULES = YES;
				CLANG_ENABLE_OBJC_ARC = YES;
				CLANG_ENABLE_OBJC_WEAK = YES;
				CLANG_WARN_BLOCK_CAPTURE_AUTORELEASING = YES;
				CLANG_WARN_BOOL_CONVERSION = YES;
				CLANG_WARN_COMMA = YES;
				CLANG_WARN_CONSTANT_CONVERSION = YES;
				CLANG_WARN_DEPRECATED_OBJC_IMPLEMENTATIONS = YES;
				CLANG_WARN_DIRECT_OBJC_ISA_USAGE = YES_ERROR;
				CLANG_WARN_DOCUMENTATION_COMMENTS = YES;
				CLANG_WARN_EMPTY_BODY = YES;
				CLANG_WARN_ENUM_CONVERSION = YES;
				CLANG_WARN_INFINITE_RECURSION = YES;
				CLANG_WARN_INT_CONVERSION = YES;
				CLANG_WARN_NON_LITERAL_NULL_CONVERSION = YES;
				CLANG_WARN_OBJC_IMPLICIT_RETAIN_SELF = YES;
				CLANG_WARN_OBJC_LITERAL_CONVERSION = YES;
				CLANG_WARN_OBJC_ROOT_CLASS = YES_ERROR;
				CLANG_WARN_QUOTED_INCLUDE_IN_FRAMEWORK_HEADER = YES;
				CLANG_WARN_RANGE_LOOP_ANALYSIS = YES;
				CLANG_WARN_STRICT_PROTOTYPES = YES;
				CLANG_WARN_SUSPICIOUS_MOVE = YES;
				CLANG_WARN_UNGUARDED_AVAILABILITY = YES_AGGRESSIVE;
				CLANG_WARN_UNREACHABLE_CODE = YES;
				CLANG_WARN__DUPLICATE_METHOD_MATCH = YES;
				COPY_PHASE_STRIP = NO;
				DEBUG_INFORMATION_FORMAT = dwarf;
				ENABLE_STRICT_OBJC_MSGSEND = YES;
				ENABLE_TESTABILITY = YES;
				GCC_C_LANGUAGE_STANDARD = gnu11;
				GCC_DYNAMIC_NO_PIC = NO;
				GCC_NO_COMMON_BLOCKS = YES;
				GCC_OPTIMIZATION_LEVEL = 0;
				GCC_PREPROCESSOR_DEFINITIONS = (
					"DEBUG=1",
					"$(inherited)",
				);
				GCC_WARN_64_TO_32_BIT_CONVERSION = YES;
				GCC_WARN_ABOUT_RETURN_TYPE = YES_ERROR;
				GCC_WARN_UNDECLARED_SELECTOR = YES;
				GCC_WARN_UNINITIALIZED_AUTOS = YES_AGGRESSIVE;
				GCC_WARN_UNUSED_FUNCTION = YES;
				GCC_WARN_UNUSED_VARIABLE = YES;
				IPHONEOS_DEPLOYMENT_TARGET = 14.5;
				MTL_ENABLE_DEBUG_INFO = INCLUDE_SOURCE;
				MTL_FAST_MATH = YES;
				ONLY_ACTIVE_ARCH = YES;
				SDKROOT = iphoneos;
				SWIFT_ACTIVE_COMPILATION_CONDITIONS = DEBUG;
				SWIFT_OPTIMIZATION_LEVEL = "-Onone";
			};
			name = Debug;
		};
		EDC76EA526D0BACD00396AEE /* Release */ = {
			isa = XCBuildConfiguration;
			buildSettings = {
				ALWAYS_SEARCH_USER_PATHS = NO;
				CLANG_ANALYZER_NONNULL = YES;
				CLANG_ANALYZER_NUMBER_OBJECT_CONVERSION = YES_AGGRESSIVE;
				CLANG_CXX_LANGUAGE_STANDARD = "gnu++14";
				CLANG_CXX_LIBRARY = "libc++";
				CLANG_ENABLE_MODULES = YES;
				CLANG_ENABLE_OBJC_ARC = YES;
				CLANG_ENABLE_OBJC_WEAK = YES;
				CLANG_WARN_BLOCK_CAPTURE_AUTORELEASING = YES;
				CLANG_WARN_BOOL_CONVERSION = YES;
				CLANG_WARN_COMMA = YES;
				CLANG_WARN_CONSTANT_CONVERSION = YES;
				CLANG_WARN_DEPRECATED_OBJC_IMPLEMENTATIONS = YES;
				CLANG_WARN_DIRECT_OBJC_ISA_USAGE = YES_ERROR;
				CLANG_WARN_DOCUMENTATION_COMMENTS = YES;
				CLANG_WARN_EMPTY_BODY = YES;
				CLANG_WARN_ENUM_CONVERSION = YES;
				CLANG_WARN_INFINITE_RECURSION = YES;
				CLANG_WARN_INT_CONVERSION = YES;
				CLANG_WARN_NON_LITERAL_NULL_CONVERSION = YES;
				CLANG_WARN_OBJC_IMPLICIT_RETAIN_SELF = YES;
				CLANG_WARN_OBJC_LITERAL_CONVERSION = YES;
				CLANG_WARN_OBJC_ROOT_CLASS = YES_ERROR;
				CLANG_WARN_QUOTED_INCLUDE_IN_FRAMEWORK_HEADER = YES;
				CLANG_WARN_RANGE_LOOP_ANALYSIS = YES;
				CLANG_WARN_STRICT_PROTOTYPES = YES;
				CLANG_WARN_SUSPICIOUS_MOVE = YES;
				CLANG_WARN_UNGUARDED_AVAILABILITY = YES_AGGRESSIVE;
				CLANG_WARN_UNREACHABLE_CODE = YES;
				CLANG_WARN__DUPLICATE_METHOD_MATCH = YES;
				COPY_PHASE_STRIP = NO;
				DEBUG_INFORMATION_FORMAT = "dwarf-with-dsym";
				ENABLE_NS_ASSERTIONS = NO;
				ENABLE_STRICT_OBJC_MSGSEND = YES;
				GCC_C_LANGUAGE_STANDARD = gnu11;
				GCC_NO_COMMON_BLOCKS = YES;
				GCC_WARN_64_TO_32_BIT_CONVERSION = YES;
				GCC_WARN_ABOUT_RETURN_TYPE = YES_ERROR;
				GCC_WARN_UNDECLARED_SELECTOR = YES;
				GCC_WARN_UNINITIALIZED_AUTOS = YES_AGGRESSIVE;
				GCC_WARN_UNUSED_FUNCTION = YES;
				GCC_WARN_UNUSED_VARIABLE = YES;
				IPHONEOS_DEPLOYMENT_TARGET = 14.5;
				MTL_ENABLE_DEBUG_INFO = NO;
				MTL_FAST_MATH = YES;
				SDKROOT = iphoneos;
				SWIFT_COMPILATION_MODE = wholemodule;
				SWIFT_OPTIMIZATION_LEVEL = "-O";
				VALIDATE_PRODUCT = YES;
			};
			name = Release;
		};
		EDC76EA726D0BACD00396AEE /* Debug */ = {
			isa = XCBuildConfiguration;
			baseConfigurationReference = 8F8006ED79B9D44CB71EC3D8 /* Pods-MovieInfoTest.debug.xcconfig */;
			buildSettings = {
				ASSETCATALOG_COMPILER_APPICON_NAME = AppIcon;
				ASSETCATALOG_COMPILER_GLOBAL_ACCENT_COLOR_NAME = AccentColor;
				CODE_SIGN_STYLE = Automatic;
				DEVELOPMENT_TEAM = H2724L9BS5;
				INFOPLIST_FILE = MovieInfoTest/Info.plist;
				LD_RUNPATH_SEARCH_PATHS = (
					"$(inherited)",
					"@executable_path/Frameworks",
				);
				PRODUCT_BUNDLE_IDENTIFIER = com.movieinfo.MovieInfoTest;
				PRODUCT_NAME = "$(TARGET_NAME)";
				SWIFT_VERSION = 5.0;
				TARGETED_DEVICE_FAMILY = "1,2";
			};
			name = Debug;
		};
		EDC76EA826D0BACD00396AEE /* Release */ = {
			isa = XCBuildConfiguration;
			baseConfigurationReference = D2228D9C6BB25F0DA4B17202 /* Pods-MovieInfoTest.release.xcconfig */;
			buildSettings = {
				ASSETCATALOG_COMPILER_APPICON_NAME = AppIcon;
				ASSETCATALOG_COMPILER_GLOBAL_ACCENT_COLOR_NAME = AccentColor;
				CODE_SIGN_STYLE = Automatic;
				DEVELOPMENT_TEAM = H2724L9BS5;
				INFOPLIST_FILE = MovieInfoTest/Info.plist;
				LD_RUNPATH_SEARCH_PATHS = (
					"$(inherited)",
					"@executable_path/Frameworks",
				);
				PRODUCT_BUNDLE_IDENTIFIER = com.movieinfo.MovieInfoTest;
				PRODUCT_NAME = "$(TARGET_NAME)";
				SWIFT_VERSION = 5.0;
				TARGETED_DEVICE_FAMILY = "1,2";
			};
			name = Release;
		};
/* End XCBuildConfiguration section */

/* Begin XCConfigurationList section */
		EDC76E8D26D0BAC800396AEE /* Build configuration list for PBXProject "MovieInfoTest" */ = {
			isa = XCConfigurationList;
			buildConfigurations = (
				EDC76EA426D0BACD00396AEE /* Debug */,
				EDC76EA526D0BACD00396AEE /* Release */,
			);
			defaultConfigurationIsVisible = 0;
			defaultConfigurationName = Release;
		};
		EDC76EA626D0BACD00396AEE /* Build configuration list for PBXNativeTarget "MovieInfoTest" */ = {
			isa = XCConfigurationList;
			buildConfigurations = (
				EDC76EA726D0BACD00396AEE /* Debug */,
				EDC76EA826D0BACD00396AEE /* Release */,
			);
			defaultConfigurationIsVisible = 0;
			defaultConfigurationName = Release;
		};
/* End XCConfigurationList section */
	};
	rootObject = EDC76E8A26D0BAC800396AEE /* Project object */;
}
